
Microsoft Visual Studio Solution File, Format Version 12.00
# Visual Studio Version 16
VisualStudioVersion = 25.0.1706.12
MinimumVisualStudioVersion = 10.0.40219.1
Project("{FAE04EC0-301F-11D3-BF4B-00C04F79EFBC}") = "FirstOrderLogic", "FirstOrderLogic\FirstOrderLogic.csproj", "{9FF37421-56F6-442A-A6FB-888D1E42EE65}"
EndProject
Project("{FAE04EC0-301F-11D3-BF4B-00C04F79EFBC}") = "FirstOrderLogicTests", "FirstOrderLogicTests\FirstOrderLogicTests.csproj", "{1E7A926F-E750-4F6B-B473-5FAE33FC857E}"
EndProject
Global
	GlobalSection(SolutionConfigurationPlatforms) = preSolution
		Debug|Any CPU = Debug|Any CPU
		Release|Any CPU = Release|Any CPU
	EndGlobalSection
	GlobalSection(ProjectConfigurationPlatforms) = postSolution
		{9FF37421-56F6-442A-A6FB-888D1E42EE65}.Debug|Any CPU.ActiveCfg = Debug|Any CPU
		{9FF37421-56F6-442A-A6FB-888D1E42EE65}.Debug|Any CPU.Build.0 = Debug|Any CPU
		{9FF37421-56F6-442A-A6FB-888D1E42EE65}.Release|Any CPU.ActiveCfg = Release|Any CPU
		{9FF37421-56F6-442A-A6FB-888D1E42EE65}.Release|Any CPU.Build.0 = Release|Any CPU
		{1E7A926F-E750-4F6B-B473-5FAE33FC857E}.Debug|Any CPU.ActiveCfg = Debug|Any CPU
		{1E7A926F-E750-4F6B-B473-5FAE33FC857E}.Debug|Any CPU.Build.0 = Debug|Any CPU
		{1E7A926F-E750-4F6B-B473-5FAE33FC857E}.Release|Any CPU.ActiveCfg = Release|Any CPU
		{1E7A926F-E750-4F6B-B473-5FAE33FC857E}.Release|Any CPU.Build.0 = Release|Any CPU
	EndGlobalSection
	GlobalSection(SolutionProperties) = preSolution
		HideSolutionNode = FALSE
	EndGlobalSection
	GlobalSection(ExtensibilityGlobals) = postSolution
		SolutionGuid = {1878946F-83FF-4909-A496-8B17B7F7D757}
	EndGlobalSection
EndGlobal
